
Microsoft Visual Studio Solution File, Format Version 12.00
# Visual Studio Version 17
VisualStudioVersion = 17.7.34031.279
MinimumVisualStudioVersion = 10.0.40219.1
Project("{FAE04EC0-301F-11D3-BF4B-00C04F79EFBC}") = "LivroCRUDNET", "LivroCRUDNET.csproj", "{F940306B-6C75-46CC-AA99-FD0AA75B9730}"
EndProject
Global
	GlobalSection(SolutionConfigurationPlatforms) = preSolution
		Debug|Any CPU = Debug|Any CPU
		Release|Any CPU = Release|Any CPU
	EndGlobalSection
	GlobalSection(ProjectConfigurationPlatforms) = postSolution
		{F940306B-6C75-46CC-AA99-FD0AA75B9730}.Debug|Any CPU.ActiveCfg = Debug|Any CPU
		{F940306B-6C75-46CC-AA99-FD0AA75B9730}.Debug|Any CPU.Build.0 = Debug|Any CPU
		{F940306B-6C75-46CC-AA99-FD0AA75B9730}.Release|Any CPU.ActiveCfg = Release|Any CPU
		{F940306B-6C75-46CC-AA99-FD0AA75B9730}.Release|Any CPU.Build.0 = Release|Any CPU
	EndGlobalSection
	GlobalSection(SolutionProperties) = preSolution
		HideSolutionNode = FALSE
	EndGlobalSection
	GlobalSection(ExtensibilityGlobals) = postSolution
		SolutionGuid = {570371F4-6616-4718-B038-42B54334B908}
	EndGlobalSection
EndGlobal
